// !$*UTF8*$!
{
	archiveVersion = 1;
	classes = {
	};
	objectVersion = 50;
	objects = {

/* Begin PBXBuildFile section */
		62A84E7324BCF481002B66AA /* AppDelegate.swift in Sources */ = {isa = PBXBuildFile; fileRef = 62A84E7224BCF481002B66AA /* AppDelegate.swift */; };
		62A84E7524BCF481002B66AA /* SceneDelegate.swift in Sources */ = {isa = PBXBuildFile; fileRef = 62A84E7424BCF481002B66AA /* SceneDelegate.swift */; };
		62A84E7724BCF481002B66AA /* ViewController.swift in Sources */ = {isa = PBXBuildFile; fileRef = 62A84E7624BCF481002B66AA /* ViewController.swift */; };
		62A84E7A24BCF481002B66AA /* Main.storyboard in Resources */ = {isa = PBXBuildFile; fileRef = 62A84E7824BCF481002B66AA /* Main.storyboard */; };
		62A84E7D24BCF481002B66AA /* ToDo_List.xcdatamodeld in Sources */ = {isa = PBXBuildFile; fileRef = 62A84E7B24BCF481002B66AA /* ToDo_List.xcdatamodeld */; };
		62A84E7F24BCF482002B66AA /* Assets.xcassets in Resources */ = {isa = PBXBuildFile; fileRef = 62A84E7E24BCF482002B66AA /* Assets.xcassets */; };
		62A84E8224BCF482002B66AA /* LaunchScreen.storyboard in Resources */ = {isa = PBXBuildFile; fileRef = 62A84E8024BCF482002B66AA /* LaunchScreen.storyboard */; };
		62A84E8D24BCF482002B66AA /* ToDo_ListTests.swift in Sources */ = {isa = PBXBuildFile; fileRef = 62A84E8C24BCF482002B66AA /* ToDo_ListTests.swift */; };
		62A84E9824BCF482002B66AA /* ToDo_ListUITests.swift in Sources */ = {isa = PBXBuildFile; fileRef = 62A84E9724BCF482002B66AA /* ToDo_ListUITests.swift */; };
/* End PBXBuildFile section */

/* Begin PBXContainerItemProxy section */
		62A84E8924BCF482002B66AA /* PBXContainerItemProxy */ = {
			isa = PBXContainerItemProxy;
			containerPortal = 62A84E6724BCF481002B66AA /* Project object */;
			proxyType = 1;
			remoteGlobalIDString = 62A84E6E24BCF481002B66AA;
			remoteInfo = "ToDo List";
		};
		62A84E9424BCF482002B66AA /* PBXContainerItemProxy */ = {
			isa = PBXContainerItemProxy;
			containerPortal = 62A84E6724BCF481002B66AA /* Project object */;
			proxyType = 1;
			remoteGlobalIDString = 62A84E6E24BCF481002B66AA;
			remoteInfo = "ToDo List";
		};
/* End PBXContainerItemProxy section */

/* Begin PBXFileReference section */
		62A84E6F24BCF481002B66AA /* ToDo List.app */ = {isa = PBXFileReference; explicitFileType = wrapper.application; includeInIndex = 0; path = "ToDo List.app"; sourceTree = BUILT_PRODUCTS_DIR; };
		62A84E7224BCF481002B66AA /* AppDelegate.swift */ = {isa = PBXFileReference; lastKnownFileType = sourcecode.swift; path = AppDelegate.swift; sourceTree = "<group>"; };
		62A84E7424BCF481002B66AA /* SceneDelegate.swift */ = {isa = PBXFileReference; lastKnownFileType = sourcecode.swift; path = SceneDelegate.swift; sourceTree = "<group>"; };
		62A84E7624BCF481002B66AA /* ViewController.swift */ = {isa = PBXFileReference; lastKnownFileType = sourcecode.swift; path = ViewController.swift; sourceTree = "<group>"; };
		62A84E7924BCF481002B66AA /* Base */ = {isa = PBXFileReference; lastKnownFileType = file.storyboard; name = Base; path = Base.lproj/Main.storyboard; sourceTree = "<group>"; };
		62A84E7C24BCF481002B66AA /* ToDo_List.xcdatamodel */ = {isa = PBXFileReference; lastKnownFileType = wrapper.xcdatamodel; path = ToDo_List.xcdatamodel; sourceTree = "<group>"; };
		62A84E7E24BCF482002B66AA /* Assets.xcassets */ = {isa = PBXFileReference; lastKnownFileType = folder.assetcatalog; path = Assets.xcassets; sourceTree = "<group>"; };
		62A84E8124BCF482002B66AA /* Base */ = {isa = PBXFileReference; lastKnownFileType = file.storyboard; name = Base; path = Base.lproj/LaunchScreen.storyboard; sourceTree = "<group>"; };
		62A84E8324BCF482002B66AA /* Info.plist */ = {isa = PBXFileReference; lastKnownFileType = text.plist.xml; path = Info.plist; sourceTree = "<group>"; };
		62A84E8824BCF482002B66AA /* ToDo ListTests.xctest */ = {isa = PBXFileReference; explicitFileType = wrapper.cfbundle; includeInIndex = 0; path = "ToDo ListTests.xctest"; sourceTree = BUILT_PRODUCTS_DIR; };
		62A84E8C24BCF482002B66AA /* ToDo_ListTests.swift */ = {isa = PBXFileReference; lastKnownFileType = sourcecode.swift; path = ToDo_ListTests.swift; sourceTree = "<group>"; };
		62A84E8E24BCF482002B66AA /* Info.plist */ = {isa = PBXFileReference; lastKnownFileType = text.plist.xml; path = Info.plist; sourceTree = "<group>"; };
		62A84E9324BCF482002B66AA /* ToDo ListUITests.xctest */ = {isa = PBXFileReference; explicitFileType = wrapper.cfbundle; includeInIndex = 0; path = "ToDo ListUITests.xctest"; sourceTree = BUILT_PRODUCTS_DIR; };
		62A84E9724BCF482002B66AA /* ToDo_ListUITests.swift */ = {isa = PBXFileReference; lastKnownFileType = sourcecode.swift; path = ToDo_ListUITests.swift; sourceTree = "<group>"; };
		62A84E9924BCF482002B66AA /* Info.plist */ = {isa = PBXFileReference; lastKnownFileType = text.plist.xml; path = Info.plist; sourceTree = "<group>"; };
/* End PBXFileReference section */

/* Begin PBXFrameworksBuildPhase section */
		62A84E6C24BCF481002B66AA /* Frameworks */ = {
			isa = PBXFrameworksBuildPhase;
			buildActionMask = 2147483647;
			files = (
			);
			runOnlyForDeploymentPostprocessing = 0;
		};
		62A84E8524BCF482002B66AA /* Frameworks */ = {
			isa = PBXFrameworksBuildPhase;
			buildActionMask = 2147483647;
			files = (
			);
			runOnlyForDeploymentPostprocessing = 0;
		};
		62A84E9024BCF482002B66AA /* Frameworks */ = {
			isa = PBXFrameworksBuildPhase;
			buildActionMask = 2147483647;
			files = (
			);
			runOnlyForDeploymentPostprocessing = 0;
		};
/* End PBXFrameworksBuildPhase section */

/* Begin PBXGroup section */
		62A84E6624BCF481002B66AA = {
			isa = PBXGroup;
			children = (
				62A84E7124BCF481002B66AA /* ToDo List */,
				62A84E8B24BCF482002B66AA /* ToDo ListTests */,
				62A84E9624BCF482002B66AA /* ToDo ListUITests */,
				62A84E7024BCF481002B66AA /* Products */,
			);
			sourceTree = "<group>";
		};
		62A84E7024BCF481002B66AA /* Products */ = {
			isa = PBXGroup;
			children = (
				62A84E6F24BCF481002B66AA /* ToDo List.app */,
				62A84E8824BCF482002B66AA /* ToDo ListTests.xctest */,
				62A84E9324BCF482002B66AA /* ToDo ListUITests.xctest */,
			);
			name = Products;
			sourceTree = "<group>";
		};
		62A84E7124BCF481002B66AA /* ToDo List */ = {
			isa = PBXGroup;
			children = (
				62A84E7224BCF481002B66AA /* AppDelegate.swift */,
				62A84E7424BCF481002B66AA /* SceneDelegate.swift */,
				62A84E7624BCF481002B66AA /* ViewController.swift */,
				62A84E7824BCF481002B66AA /* Main.storyboard */,
				62A84E7E24BCF482002B66AA /* Assets.xcassets */,
				62A84E8024BCF482002B66AA /* LaunchScreen.storyboard */,
				62A84E8324BCF482002B66AA /* Info.plist */,
				62A84E7B24BCF481002B66AA /* ToDo_List.xcdatamodeld */,
			);
			path = "ToDo List";
			sourceTree = "<group>";
		};
		62A84E8B24BCF482002B66AA /* ToDo ListTests */ = {
			isa = PBXGroup;
			children = (
				62A84E8C24BCF482002B66AA /* ToDo_ListTests.swift */,
				62A84E8E24BCF482002B66AA /* Info.plist */,
			);
			path = "ToDo ListTests";
			sourceTree = "<group>";
		};
		62A84E9624BCF482002B66AA /* ToDo ListUITests */ = {
			isa = PBXGroup;
			children = (
				62A84E9724BCF482002B66AA /* ToDo_ListUITests.swift */,
				62A84E9924BCF482002B66AA /* Info.plist */,
			);
			path = "ToDo ListUITests";
			sourceTree = "<group>";
		};
/* End PBXGroup section */

/* Begin PBXNativeTarget section */
		62A84E6E24BCF481002B66AA /* ToDo List */ = {
			isa = PBXNativeTarget;
			buildConfigurationList = 62A84E9C24BCF482002B66AA /* Build configuration list for PBXNativeTarget "ToDo List" */;
			buildPhases = (
				62A84E6B24BCF481002B66AA /* Sources */,
				62A84E6C24BCF481002B66AA /* Frameworks */,
				62A84E6D24BCF481002B66AA /* Resources */,
			);
			buildRules = (
			);
			dependencies = (
			);
			name = "ToDo List";
			productName = "ToDo List";
			productReference = 62A84E6F24BCF481002B66AA /* ToDo List.app */;
			productType = "com.apple.product-type.application";
		};
		62A84E8724BCF482002B66AA /* ToDo ListTests */ = {
			isa = PBXNativeTarget;
			buildConfigurationList = 62A84E9F24BCF482002B66AA /* Build configuration list for PBXNativeTarget "ToDo ListTests" */;
			buildPhases = (
				62A84E8424BCF482002B66AA /* Sources */,
				62A84E8524BCF482002B66AA /* Frameworks */,
				62A84E8624BCF482002B66AA /* Resources */,
			);
			buildRules = (
			);
			dependencies = (
				62A84E8A24BCF482002B66AA /* PBXTargetDependency */,
			);
			name = "ToDo ListTests";
			productName = "ToDo ListTests";
			productReference = 62A84E8824BCF482002B66AA /* ToDo ListTests.xctest */;
			productType = "com.apple.product-type.bundle.unit-test";
		};
		62A84E9224BCF482002B66AA /* ToDo ListUITests */ = {
			isa = PBXNativeTarget;
			buildConfigurationList = 62A84EA224BCF482002B66AA /* Build configuration list for PBXNativeTarget "ToDo ListUITests" */;
			buildPhases = (
				62A84E8F24BCF482002B66AA /* Sources */,
				62A84E9024BCF482002B66AA /* Frameworks */,
				62A84E9124BCF482002B66AA /* Resources */,
			);
			buildRules = (
			);
			dependencies = (
				62A84E9524BCF482002B66AA /* PBXTargetDependency */,
			);
			name = "ToDo ListUITests";
			productName = "ToDo ListUITests";
			productReference = 62A84E9324BCF482002B66AA /* ToDo ListUITests.xctest */;
			productType = "com.apple.product-type.bundle.ui-testing";
		};
/* End PBXNativeTarget section */

/* Begin PBXProject section */
		62A84E6724BCF481002B66AA /* Project object */ = {
			isa = PBXProject;
			attributes = {
				LastSwiftUpdateCheck = 1150;
				LastUpgradeCheck = 1150;
				ORGANIZATIONNAME = "Marian Rempola";
				TargetAttributes = {
					62A84E6E24BCF481002B66AA = {
						CreatedOnToolsVersion = 11.5;
					};
					62A84E8724BCF482002B66AA = {
						CreatedOnToolsVersion = 11.5;
						TestTargetID = 62A84E6E24BCF481002B66AA;
					};
					62A84E9224BCF482002B66AA = {
						CreatedOnToolsVersion = 11.5;
						TestTargetID = 62A84E6E24BCF481002B66AA;
					};
				};
			};
			buildConfigurationList = 62A84E6A24BCF481002B66AA /* Build configuration list for PBXProject "ToDo List" */;
			compatibilityVersion = "Xcode 9.3";
			developmentRegion = en;
			hasScannedForEncodings = 0;
			knownRegions = (
				en,
				Base,
			);
			mainGroup = 62A84E6624BCF481002B66AA;
			productRefGroup = 62A84E7024BCF481002B66AA /* Products */;
			projectDirPath = "";
			projectRoot = "";
			targets = (
				62A84E6E24BCF481002B66AA /* ToDo List */,
				62A84E8724BCF482002B66AA /* ToDo ListTests */,
				62A84E9224BCF482002B66AA /* ToDo ListUITests */,
			);
		};
/* End PBXProject section */

/* Begin PBXResourcesBuildPhase section */
		62A84E6D24BCF481002B66AA /* Resources */ = {
			isa = PBXResourcesBuildPhase;
			buildActionMask = 2147483647;
			files = (
				62A84E8224BCF482002B66AA /* LaunchScreen.storyboard in Resources */,
				62A84E7F24BCF482002B66AA /* Assets.xcassets in Resources */,
				62A84E7A24BCF481002B66AA /* Main.storyboard in Resources */,
			);
			runOnlyForDeploymentPostprocessing = 0;
		};
		62A84E8624BCF482002B66AA /* Resources */ = {
			isa = PBXResourcesBuildPhase;
			buildActionMask = 2147483647;
			files = (
			);
			runOnlyForDeploymentPostprocessing = 0;
		};
		62A84E9124BCF482002B66AA /* Resources */ = {
			isa = PBXResourcesBuildPhase;
			buildActionMask = 2147483647;
			files = (
			);
			runOnlyForDeploymentPostprocessing = 0;
		};
/* End PBXResourcesBuildPhase section */

/* Begin PBXSourcesBuildPhase section */
		62A84E6B24BCF481002B66AA /* Sources */ = {
			isa = PBXSourcesBuildPhase;
			buildActionMask = 2147483647;
			files = (
				62A84E7724BCF481002B66AA /* ViewController.swift in Sources */,
				62A84E7324BCF481002B66AA /* AppDelegate.swift in Sources */,
				62A84E7524BCF481002B66AA /* SceneDelegate.swift in Sources */,
				62A84E7D24BCF481002B66AA /* ToDo_List.xcdatamodeld in Sources */,
			);
			runOnlyForDeploymentPostprocessing = 0;
		};
		62A84E8424BCF482002B66AA /* Sources */ = {
			isa = PBXSourcesBuildPhase;
			buildActionMask = 2147483647;
			files = (
				62A84E8D24BCF482002B66AA /* ToDo_ListTests.swift in Sources */,
			);
			runOnlyForDeploymentPostprocessing = 0;
		};
		62A84E8F24BCF482002B66AA /* Sources */ = {
			isa = PBXSourcesBuildPhase;
			buildActionMask = 2147483647;
			files = (
				62A84E9824BCF482002B66AA /* ToDo_ListUITests.swift in Sources */,
			);
			runOnlyForDeploymentPostprocessing = 0;
		};
/* End PBXSourcesBuildPhase section */

/* Begin PBXTargetDependency section */
		62A84E8A24BCF482002B66AA /* PBXTargetDependency */ = {
			isa = PBXTargetDependency;
			target = 62A84E6E24BCF481002B66AA /* ToDo List */;
			targetProxy = 62A84E8924BCF482002B66AA /* PBXContainerItemProxy */;
		};
		62A84E9524BCF482002B66AA /* PBXTargetDependency */ = {
			isa = PBXTargetDependency;
			target = 62A84E6E24BCF481002B66AA /* ToDo List */;
			targetProxy = 62A84E9424BCF482002B66AA /* PBXContainerItemProxy */;
		};
/* End PBXTargetDependency section */

/* Begin PBXVariantGroup section */
		62A84E7824BCF481002B66AA /* Main.storyboard */ = {
			isa = PBXVariantGroup;
			children = (
				62A84E7924BCF481002B66AA /* Base */,
			);
			name = Main.storyboard;
			sourceTree = "<group>";
		};
		62A84E8024BCF482002B66AA /* LaunchScreen.storyboard */ = {
			isa = PBXVariantGroup;
			children = (
				62A84E8124BCF482002B66AA /* Base */,
			);
			name = LaunchScreen.storyboard;
			sourceTree = "<group>";
		};
/* End PBXVariantGroup section */

/* Begin XCBuildConfiguration section */
		62A84E9A24BCF482002B66AA /* Debug */ = {
			isa = XCBuildConfiguration;
			buildSettings = {
				ALWAYS_SEARCH_USER_PATHS = NO;
				CLANG_ANALYZER_NONNULL = YES;
				CLANG_ANALYZER_NUMBER_OBJECT_CONVERSION = YES_AGGRESSIVE;
				CLANG_CXX_LANGUAGE_STANDARD = "gnu++14";
				CLANG_CXX_LIBRARY = "libc++";
				CLANG_ENABLE_MODULES = YES;
				CLANG_ENABLE_OBJC_ARC = YES;
				CLANG_ENABLE_OBJC_WEAK = YES;
				CLANG_WARN_BLOCK_CAPTURE_AUTORELEASING = YES;
				CLANG_WARN_BOOL_CONVERSION = YES;
				CLANG_WARN_COMMA = YES;
				CLANG_WARN_CONSTANT_CONVERSION = YES;
				CLANG_WARN_DEPRECATED_OBJC_IMPLEMENTATIONS = YES;
				CLANG_WARN_DIRECT_OBJC_ISA_USAGE = YES_ERROR;
				CLANG_WARN_DOCUMENTATION_COMMENTS = YES;
				CLANG_WARN_EMPTY_BODY = YES;
				CLANG_WARN_ENUM_CONVERSION = YES;
				CLANG_WARN_INFINITE_RECURSION = YES;
				CLANG_WARN_INT_CONVERSION = YES;
				CLANG_WARN_NON_LITERAL_NULL_CONVERSION = YES;
				CLANG_WARN_OBJC_IMPLICIT_RETAIN_SELF = YES;
				CLANG_WARN_OBJC_LITERAL_CONVERSION = YES;
				CLANG_WARN_OBJC_ROOT_CLASS = YES_ERROR;
				CLANG_WARN_RANGE_LOOP_ANALYSIS = YES;
				CLANG_WARN_STRICT_PROTOTYPES = YES;
				CLANG_WARN_SUSPICIOUS_MOVE = YES;
				CLANG_WARN_UNGUARDED_AVAILABILITY = YES_AGGRESSIVE;
				CLANG_WARN_UNREACHABLE_CODE = YES;
				CLANG_WARN__DUPLICATE_METHOD_MATCH = YES;
				COPY_PHASE_STRIP = NO;
				DEBUG_INFORMATION_FORMAT = dwarf;
				ENABLE_STRICT_OBJC_MSGSEND = YES;
				ENABLE_TESTABILITY = YES;
				GCC_C_LANGUAGE_STANDARD = gnu11;
				GCC_DYNAMIC_NO_PIC = NO;
				GCC_NO_COMMON_BLOCKS = YES;
				GCC_OPTIMIZATION_LEVEL = 0;
				GCC_PREPROCESSOR_DEFINITIONS = (
					"DEBUG=1",
					"$(inherited)",
				);
				GCC_WARN_64_TO_32_BIT_CONVERSION = YES;
				GCC_WARN_ABOUT_RETURN_TYPE = YES_ERROR;
				GCC_WARN_UNDECLARED_SELECTOR = YES;
				GCC_WARN_UNINITIALIZED_AUTOS = YES_AGGRESSIVE;
				GCC_WARN_UNUSED_FUNCTION = YES;
				GCC_WARN_UNUSED_VARIABLE = YES;
				IPHONEOS_DEPLOYMENT_TARGET = 13.5;
				MTL_ENABLE_DEBUG_INFO = INCLUDE_SOURCE;
				MTL_FAST_MATH = YES;
				ONLY_ACTIVE_ARCH = YES;
				SDKROOT = iphoneos;
				SWIFT_ACTIVE_COMPILATION_CONDITIONS = DEBUG;
				SWIFT_OPTIMIZATION_LEVEL = "-Onone";
			};
			name = Debug;
		};
		62A84E9B24BCF482002B66AA /* Release */ = {
			isa = XCBuildConfiguration;
			buildSettings = {
				ALWAYS_SEARCH_USER_PATHS = NO;
				CLANG_ANALYZER_NONNULL = YES;
				CLANG_ANALYZER_NUMBER_OBJECT_CONVERSION = YES_AGGRESSIVE;
				CLANG_CXX_LANGUAGE_STANDARD = "gnu++14";
				CLANG_CXX_LIBRARY = "libc++";
				CLANG_ENABLE_MODULES = YES;
				CLANG_ENABLE_OBJC_ARC = YES;
				CLANG_ENABLE_OBJC_WEAK = YES;
				CLANG_WARN_BLOCK_CAPTURE_AUTORELEASING = YES;
				CLANG_WARN_BOOL_CONVERSION = YES;
				CLANG_WARN_COMMA = YES;
				CLANG_WARN_CONSTANT_CONVERSION = YES;
				CLANG_WARN_DEPRECATED_OBJC_IMPLEMENTATIONS = YES;
				CLANG_WARN_DIRECT_OBJC_ISA_USAGE = YES_ERROR;
				CLANG_WARN_DOCUMENTATION_COMMENTS = YES;
				CLANG_WARN_EMPTY_BODY = YES;
				CLANG_WARN_ENUM_CONVERSION = YES;
				CLANG_WARN_INFINITE_RECURSION = YES;
				CLANG_WARN_INT_CONVERSION = YES;
				CLANG_WARN_NON_LITERAL_NULL_CONVERSION = YES;
				CLANG_WARN_OBJC_IMPLICIT_RETAIN_SELF = YES;
				CLANG_WARN_OBJC_LITERAL_CONVERSION = YES;
				CLANG_WARN_OBJC_ROOT_CLASS = YES_ERROR;
				CLANG_WARN_RANGE_LOOP_ANALYSIS = YES;
				CLANG_WARN_STRICT_PROTOTYPES = YES;
				CLANG_WARN_SUSPICIOUS_MOVE = YES;
				CLANG_WARN_UNGUARDED_AVAILABILITY = YES_AGGRESSIVE;
				CLANG_WARN_UNREACHABLE_CODE = YES;
				CLANG_WARN__DUPLICATE_METHOD_MATCH = YES;
				COPY_PHASE_STRIP = NO;
				DEBUG_INFORMATION_FORMAT = "dwarf-with-dsym";
				ENABLE_NS_ASSERTIONS = NO;
				ENABLE_STRICT_OBJC_MSGSEND = YES;
				GCC_C_LANGUAGE_STANDARD = gnu11;
				GCC_NO_COMMON_BLOCKS = YES;
				GCC_WARN_64_TO_32_BIT_CONVERSION = YES;
				GCC_WARN_ABOUT_RETURN_TYPE = YES_ERROR;
				GCC_WARN_UNDECLARED_SELECTOR = YES;
				GCC_WARN_UNINITIALIZED_AUTOS = YES_AGGRESSIVE;
				GCC_WARN_UNUSED_FUNCTION = YES;
				GCC_WARN_UNUSED_VARIABLE = YES;
				IPHONEOS_DEPLOYMENT_TARGET = 13.5;
				MTL_ENABLE_DEBUG_INFO = NO;
				MTL_FAST_MATH = YES;
				SDKROOT = iphoneos;
				SWIFT_COMPILATION_MODE = wholemodule;
				SWIFT_OPTIMIZATION_LEVEL = "-O";
				VALIDATE_PRODUCT = YES;
			};
			name = Release;
		};
		62A84E9D24BCF482002B66AA /* Debug */ = {
			isa = XCBuildConfiguration;
			buildSettings = {
				ASSETCATALOG_COMPILER_APPICON_NAME = AppIcon;
				CODE_SIGN_STYLE = Automatic;
				INFOPLIST_FILE = "ToDo List/Info.plist";
				LD_RUNPATH_SEARCH_PATHS = (
					"$(inherited)",
					"@executable_path/Frameworks",
				);
				PRODUCT_BUNDLE_IDENTIFIER = "KWK.ToDo-List";
				PRODUCT_NAME = "$(TARGET_NAME)";
				SWIFT_VERSION = 5.0;
				TARGETED_DEVICE_FAMILY = "1,2";
			};
			name = Debug;
		};
		62A84E9E24BCF482002B66AA /* Release */ = {
			isa = XCBuildConfiguration;
			buildSettings = {
				ASSETCATALOG_COMPILER_APPICON_NAME = AppIcon;
				CODE_SIGN_STYLE = Automatic;
				INFOPLIST_FILE = "ToDo List/Info.plist";
				LD_RUNPATH_SEARCH_PATHS = (
					"$(inherited)",
					"@executable_path/Frameworks",
				);
				PRODUCT_BUNDLE_IDENTIFIER = "KWK.ToDo-List";
				PRODUCT_NAME = "$(TARGET_NAME)";
				SWIFT_VERSION = 5.0;
				TARGETED_DEVICE_FAMILY = "1,2";
			};
			name = Release;
		};
		62A84EA024BCF482002B66AA /* Debug */ = {
			isa = XCBuildConfiguration;
			buildSettings = {
				ALWAYS_EMBED_SWIFT_STANDARD_LIBRARIES = YES;
				BUNDLE_LOADER = "$(TEST_HOST)";
				CODE_SIGN_STYLE = Automatic;
				INFOPLIST_FILE = "ToDo ListTests/Info.plist";
				IPHONEOS_DEPLOYMENT_TARGET = 13.5;
				LD_RUNPATH_SEARCH_PATHS = (
					"$(inherited)",
					"@executable_path/Frameworks",
					"@loader_path/Frameworks",
				);
				PRODUCT_BUNDLE_IDENTIFIER = "KWK.ToDo-ListTests";
				PRODUCT_NAME = "$(TARGET_NAME)";
				SWIFT_VERSION = 5.0;
				TARGETED_DEVICE_FAMILY = "1,2";
				TEST_HOST = "$(BUILT_PRODUCTS_DIR)/ToDo List.app/ToDo List";
			};
			name = Debug;
		};
		62A84EA124BCF482002B66AA /* Release */ = {
			isa = XCBuildConfiguration;
			buildSettings = {
				ALWAYS_EMBED_SWIFT_STANDARD_LIBRARIES = YES;
				BUNDLE_LOADER = "$(TEST_HOST)";
				CODE_SIGN_STYLE = Automatic;
				INFOPLIST_FILE = "ToDo ListTests/Info.plist";
				IPHONEOS_DEPLOYMENT_TARGET = 13.5;
				LD_RUNPATH_SEARCH_PATHS = (
					"$(inherited)",
					"@executable_path/Frameworks",
					"@loader_path/Frameworks",
				);
				PRODUCT_BUNDLE_IDENTIFIER = "KWK.ToDo-ListTests";
				PRODUCT_NAME = "$(TARGET_NAME)";
				SWIFT_VERSION = 5.0;
				TARGETED_DEVICE_FAMILY = "1,2";
				TEST_HOST = "$(BUILT_PRODUCTS_DIR)/ToDo List.app/ToDo List";
			};
			name = Release;
		};
		62A84EA324BCF482002B66AA /* Debug */ = {
			isa = XCBuildConfiguration;
			buildSettings = {
				ALWAYS_EMBED_SWIFT_STANDARD_LIBRARIES = YES;
				CODE_SIGN_STYLE = Automatic;
				INFOPLIST_FILE = "ToDo ListUITests/Info.plist";
				LD_RUNPATH_SEARCH_PATHS = (
					"$(inherited)",
					"@executable_path/Frameworks",
					"@loader_path/Frameworks",
				);
				PRODUCT_BUNDLE_IDENTIFIER = "KWK.ToDo-ListUITests";
				PRODUCT_NAME = "$(TARGET_NAME)";
				SWIFT_VERSION = 5.0;
				TARGETED_DEVICE_FAMILY = "1,2";
				TEST_TARGET_NAME = "ToDo List";
			};
			name = Debug;
		};
		62A84EA424BCF482002B66AA /* Release */ = {
			isa = XCBuildConfiguration;
			buildSettings = {
				ALWAYS_EMBED_SWIFT_STANDARD_LIBRARIES = YES;
				CODE_SIGN_STYLE = Automatic;
				INFOPLIST_FILE = "ToDo ListUITests/Info.plist";
				LD_RUNPATH_SEARCH_PATHS = (
					"$(inherited)",
					"@executable_path/Frameworks",
					"@loader_path/Frameworks",
				);
				PRODUCT_BUNDLE_IDENTIFIER = "KWK.ToDo-ListUITests";
				PRODUCT_NAME = "$(TARGET_NAME)";
				SWIFT_VERSION = 5.0;
				TARGETED_DEVICE_FAMILY = "1,2";
				TEST_TARGET_NAME = "ToDo List";
			};
			name = Release;
		};
/* End XCBuildConfiguration section */

/* Begin XCConfigurationList section */
		62A84E6A24BCF481002B66AA /* Build configuration list for PBXProject "ToDo List" */ = {
			isa = XCConfigurationList;
			buildConfigurations = (
				62A84E9A24BCF482002B66AA /* Debug */,
				62A84E9B24BCF482002B66AA /* Release */,
			);
			defaultConfigurationIsVisible = 0;
			defaultConfigurationName = Release;
		};
		62A84E9C24BCF482002B66AA /* Build configuration list for PBXNativeTarget "ToDo List" */ = {
			isa = XCConfigurationList;
			buildConfigurations = (
				62A84E9D24BCF482002B66AA /* Debug */,
				62A84E9E24BCF482002B66AA /* Release */,
			);
			defaultConfigurationIsVisible = 0;
			defaultConfigurationName = Release;
		};
		62A84E9F24BCF482002B66AA /* Build configuration list for PBXNativeTarget "ToDo ListTests" */ = {
			isa = XCConfigurationList;
			buildConfigurations = (
				62A84EA024BCF482002B66AA /* Debug */,
				62A84EA124BCF482002B66AA /* Release */,
			);
			defaultConfigurationIsVisible = 0;
			defaultConfigurationName = Release;
		};
		62A84EA224BCF482002B66AA /* Build configuration list for PBXNativeTarget "ToDo ListUITests" */ = {
			isa = XCConfigurationList;
			buildConfigurations = (
				62A84EA324BCF482002B66AA /* Debug */,
				62A84EA424BCF482002B66AA /* Release */,
			);
			defaultConfigurationIsVisible = 0;
			defaultConfigurationName = Release;
		};
/* End XCConfigurationList section */

/* Begin XCVersionGroup section */
		62A84E7B24BCF481002B66AA /* ToDo_List.xcdatamodeld */ = {
			isa = XCVersionGroup;
			children = (
				62A84E7C24BCF481002B66AA /* ToDo_List.xcdatamodel */,
			);
			currentVersion = 62A84E7C24BCF481002B66AA /* ToDo_List.xcdatamodel */;
			path = ToDo_List.xcdatamodeld;
			sourceTree = "<group>";
			versionGroupType = wrapper.xcdatamodel;
		};
/* End XCVersionGroup section */
	};
	rootObject = 62A84E6724BCF481002B66AA /* Project object */;
}
